// !$*UTF8*$!
{
	archiveVersion = 1;
	classes = {
	};
	objectVersion = 55;
	objects = {

/* Begin PBXBuildFile section */
		793B586527EDEEBD002DC308 /* DevSoutinho WatchKit App.app in Embed Watch Content */ = {isa = PBXBuildFile; fileRef = 793B586427EDEEBD002DC308 /* DevSoutinho WatchKit App.app */; settings = {ATTRIBUTES = (RemoveHeadersOnCopy, ); }; };
		793B586A27EDEEBF002DC308 /* Assets.xcassets in Resources */ = {isa = PBXBuildFile; fileRef = 793B586927EDEEBF002DC308 /* Assets.xcassets */; };
		793B587027EDEEBF002DC308 /* DevSoutinho WatchKit Extension.appex in Embed App Extensions */ = {isa = PBXBuildFile; fileRef = 793B586F27EDEEBF002DC308 /* DevSoutinho WatchKit Extension.appex */; settings = {ATTRIBUTES = (RemoveHeadersOnCopy, ); }; };
		793B587527EDEEBF002DC308 /* DevSoutinhoApp.swift in Sources */ = {isa = PBXBuildFile; fileRef = 793B587427EDEEBF002DC308 /* DevSoutinhoApp.swift */; };
		793B587727EDEEBF002DC308 /* ContentView.swift in Sources */ = {isa = PBXBuildFile; fileRef = 793B587627EDEEBF002DC308 /* ContentView.swift */; };
		793B587927EDEEBF002DC308 /* NotificationController.swift in Sources */ = {isa = PBXBuildFile; fileRef = 793B587827EDEEBF002DC308 /* NotificationController.swift */; };
		793B587B27EDEEBF002DC308 /* NotificationView.swift in Sources */ = {isa = PBXBuildFile; fileRef = 793B587A27EDEEBF002DC308 /* NotificationView.swift */; };
		793B587D27EDEEBF002DC308 /* ComplicationController.swift in Sources */ = {isa = PBXBuildFile; fileRef = 793B587C27EDEEBF002DC308 /* ComplicationController.swift */; };
		793B587F27EDEEC0002DC308 /* Assets.xcassets in Resources */ = {isa = PBXBuildFile; fileRef = 793B587E27EDEEC0002DC308 /* Assets.xcassets */; };
		793B588227EDEEC0002DC308 /* Preview Assets.xcassets in Resources */ = {isa = PBXBuildFile; fileRef = 793B588127EDEEC0002DC308 /* Preview Assets.xcassets */; };
		793B588E27EDEEC0002DC308 /* DevSoutinhoTests.swift in Sources */ = {isa = PBXBuildFile; fileRef = 793B588D27EDEEC0002DC308 /* DevSoutinhoTests.swift */; };
		793B589827EDEEC0002DC308 /* DevSoutinhoUITests.swift in Sources */ = {isa = PBXBuildFile; fileRef = 793B589727EDEEC0002DC308 /* DevSoutinhoUITests.swift */; };
		793B589A27EDEEC0002DC308 /* DevSoutinhoUITestsLaunchTests.swift in Sources */ = {isa = PBXBuildFile; fileRef = 793B589927EDEEC0002DC308 /* DevSoutinhoUITestsLaunchTests.swift */; };
/* End PBXBuildFile section */

/* Begin PBXContainerItemProxy section */
		793B586627EDEEBD002DC308 /* PBXContainerItemProxy */ = {
			isa = PBXContainerItemProxy;
			containerPortal = 793B585A27EDEEBC002DC308 /* Project object */;
			proxyType = 1;
			remoteGlobalIDString = 793B586327EDEEBD002DC308;
			remoteInfo = "DevSoutinho WatchKit App";
		};
		793B587127EDEEBF002DC308 /* PBXContainerItemProxy */ = {
			isa = PBXContainerItemProxy;
			containerPortal = 793B585A27EDEEBC002DC308 /* Project object */;
			proxyType = 1;
			remoteGlobalIDString = 793B586E27EDEEBF002DC308;
			remoteInfo = "DevSoutinho WatchKit Extension";
		};
		793B588A27EDEEC0002DC308 /* PBXContainerItemProxy */ = {
			isa = PBXContainerItemProxy;
			containerPortal = 793B585A27EDEEBC002DC308 /* Project object */;
			proxyType = 1;
			remoteGlobalIDString = 793B586E27EDEEBF002DC308;
			remoteInfo = "DevSoutinho WatchKit Extension";
		};
		793B589427EDEEC0002DC308 /* PBXContainerItemProxy */ = {
			isa = PBXContainerItemProxy;
			containerPortal = 793B585A27EDEEBC002DC308 /* Project object */;
			proxyType = 1;
			remoteGlobalIDString = 793B586327EDEEBD002DC308;
			remoteInfo = "DevSoutinho WatchKit App";
		};
/* End PBXContainerItemProxy section */

/* Begin PBXCopyFilesBuildPhase section */
		793B58A027EDEEC0002DC308 /* Embed App Extensions */ = {
			isa = PBXCopyFilesBuildPhase;
			buildActionMask = 2147483647;
			dstPath = "";
			dstSubfolderSpec = 13;
			files = (
				793B587027EDEEBF002DC308 /* DevSoutinho WatchKit Extension.appex in Embed App Extensions */,
			);
			name = "Embed App Extensions";
			runOnlyForDeploymentPostprocessing = 0;
		};
		793B58A427EDEEC0002DC308 /* Embed Watch Content */ = {
			isa = PBXCopyFilesBuildPhase;
			buildActionMask = 2147483647;
			dstPath = "$(CONTENTS_FOLDER_PATH)/Watch";
			dstSubfolderSpec = 16;
			files = (
				793B586527EDEEBD002DC308 /* DevSoutinho WatchKit App.app in Embed Watch Content */,
			);
			name = "Embed Watch Content";
			runOnlyForDeploymentPostprocessing = 0;
		};
/* End PBXCopyFilesBuildPhase section */

/* Begin PBXFileReference section */
		793B586027EDEEBC002DC308 /* DevSoutinho.app */ = {isa = PBXFileReference; explicitFileType = wrapper.application; includeInIndex = 0; path = DevSoutinho.app; sourceTree = BUILT_PRODUCTS_DIR; };
		793B586427EDEEBD002DC308 /* DevSoutinho WatchKit App.app */ = {isa = PBXFileReference; explicitFileType = wrapper.application; includeInIndex = 0; path = "DevSoutinho WatchKit App.app"; sourceTree = BUILT_PRODUCTS_DIR; };
		793B586927EDEEBF002DC308 /* Assets.xcassets */ = {isa = PBXFileReference; lastKnownFileType = folder.assetcatalog; path = Assets.xcassets; sourceTree = "<group>"; };
		793B586F27EDEEBF002DC308 /* DevSoutinho WatchKit Extension.appex */ = {isa = PBXFileReference; explicitFileType = "wrapper.app-extension"; includeInIndex = 0; path = "DevSoutinho WatchKit Extension.appex"; sourceTree = BUILT_PRODUCTS_DIR; };
		793B587427EDEEBF002DC308 /* DevSoutinhoApp.swift */ = {isa = PBXFileReference; lastKnownFileType = sourcecode.swift; path = DevSoutinhoApp.swift; sourceTree = "<group>"; };
		793B587627EDEEBF002DC308 /* ContentView.swift */ = {isa = PBXFileReference; lastKnownFileType = sourcecode.swift; path = ContentView.swift; sourceTree = "<group>"; };
		793B587827EDEEBF002DC308 /* NotificationController.swift */ = {isa = PBXFileReference; lastKnownFileType = sourcecode.swift; path = NotificationController.swift; sourceTree = "<group>"; };
		793B587A27EDEEBF002DC308 /* NotificationView.swift */ = {isa = PBXFileReference; lastKnownFileType = sourcecode.swift; path = NotificationView.swift; sourceTree = "<group>"; };
		793B587C27EDEEBF002DC308 /* ComplicationController.swift */ = {isa = PBXFileReference; lastKnownFileType = sourcecode.swift; path = ComplicationController.swift; sourceTree = "<group>"; };
		793B587E27EDEEC0002DC308 /* Assets.xcassets */ = {isa = PBXFileReference; lastKnownFileType = folder.assetcatalog; path = Assets.xcassets; sourceTree = "<group>"; };
		793B588127EDEEC0002DC308 /* Preview Assets.xcassets */ = {isa = PBXFileReference; lastKnownFileType = folder.assetcatalog; path = "Preview Assets.xcassets"; sourceTree = "<group>"; };
		793B588327EDEEC0002DC308 /* Info.plist */ = {isa = PBXFileReference; lastKnownFileType = text.plist.xml; path = Info.plist; sourceTree = "<group>"; };
		793B588427EDEEC0002DC308 /* PushNotificationPayload.apns */ = {isa = PBXFileReference; lastKnownFileType = text; path = PushNotificationPayload.apns; sourceTree = "<group>"; };
		793B588927EDEEC0002DC308 /* DevSoutinhoTests.xctest */ = {isa = PBXFileReference; explicitFileType = wrapper.cfbundle; includeInIndex = 0; path = DevSoutinhoTests.xctest; sourceTree = BUILT_PRODUCTS_DIR; };
		793B588D27EDEEC0002DC308 /* DevSoutinhoTests.swift */ = {isa = PBXFileReference; lastKnownFileType = sourcecode.swift; path = DevSoutinhoTests.swift; sourceTree = "<group>"; };
		793B589327EDEEC0002DC308 /* DevSoutinhoUITests.xctest */ = {isa = PBXFileReference; explicitFileType = wrapper.cfbundle; includeInIndex = 0; path = DevSoutinhoUITests.xctest; sourceTree = BUILT_PRODUCTS_DIR; };
		793B589727EDEEC0002DC308 /* DevSoutinhoUITests.swift */ = {isa = PBXFileReference; lastKnownFileType = sourcecode.swift; path = DevSoutinhoUITests.swift; sourceTree = "<group>"; };
		793B589927EDEEC0002DC308 /* DevSoutinhoUITestsLaunchTests.swift */ = {isa = PBXFileReference; lastKnownFileType = sourcecode.swift; path = DevSoutinhoUITestsLaunchTests.swift; sourceTree = "<group>"; };
/* End PBXFileReference section */

/* Begin PBXFrameworksBuildPhase section */
		793B586C27EDEEBF002DC308 /* Frameworks */ = {
			isa = PBXFrameworksBuildPhase;
			buildActionMask = 2147483647;
			files = (
			);
			runOnlyForDeploymentPostprocessing = 0;
		};
		793B588627EDEEC0002DC308 /* Frameworks */ = {
			isa = PBXFrameworksBuildPhase;
			buildActionMask = 2147483647;
			files = (
			);
			runOnlyForDeploymentPostprocessing = 0;
		};
		793B589027EDEEC0002DC308 /* Frameworks */ = {
			isa = PBXFrameworksBuildPhase;
			buildActionMask = 2147483647;
			files = (
			);
			runOnlyForDeploymentPostprocessing = 0;
		};
/* End PBXFrameworksBuildPhase section */

/* Begin PBXGroup section */
		793B585927EDEEBC002DC308 = {
			isa = PBXGroup;
			children = (
				793B586827EDEEBD002DC308 /* DevSoutinho WatchKit App */,
				793B587327EDEEBF002DC308 /* DevSoutinho WatchKit Extension */,
				793B588C27EDEEC0002DC308 /* DevSoutinhoTests */,
				793B589627EDEEC0002DC308 /* DevSoutinhoUITests */,
				793B586127EDEEBC002DC308 /* Products */,
			);
			sourceTree = "<group>";
		};
		793B586127EDEEBC002DC308 /* Products */ = {
			isa = PBXGroup;
			children = (
				793B586027EDEEBC002DC308 /* DevSoutinho.app */,
				793B586427EDEEBD002DC308 /* DevSoutinho WatchKit App.app */,
				793B586F27EDEEBF002DC308 /* DevSoutinho WatchKit Extension.appex */,
				793B588927EDEEC0002DC308 /* DevSoutinhoTests.xctest */,
				793B589327EDEEC0002DC308 /* DevSoutinhoUITests.xctest */,
			);
			name = Products;
			sourceTree = "<group>";
		};
		793B586827EDEEBD002DC308 /* DevSoutinho WatchKit App */ = {
			isa = PBXGroup;
			children = (
				793B586927EDEEBF002DC308 /* Assets.xcassets */,
			);
			path = "DevSoutinho WatchKit App";
			sourceTree = "<group>";
		};
		793B587327EDEEBF002DC308 /* DevSoutinho WatchKit Extension */ = {
			isa = PBXGroup;
			children = (
				793B587427EDEEBF002DC308 /* DevSoutinhoApp.swift */,
				793B587627EDEEBF002DC308 /* ContentView.swift */,
				793B587827EDEEBF002DC308 /* NotificationController.swift */,
				793B587A27EDEEBF002DC308 /* NotificationView.swift */,
				793B587C27EDEEBF002DC308 /* ComplicationController.swift */,
				793B587E27EDEEC0002DC308 /* Assets.xcassets */,
				793B588327EDEEC0002DC308 /* Info.plist */,
				793B588427EDEEC0002DC308 /* PushNotificationPayload.apns */,
				793B588027EDEEC0002DC308 /* Preview Content */,
			);
			path = "DevSoutinho WatchKit Extension";
			sourceTree = "<group>";
		};
		793B588027EDEEC0002DC308 /* Preview Content */ = {
			isa = PBXGroup;
			children = (
				793B588127EDEEC0002DC308 /* Preview Assets.xcassets */,
			);
			path = "Preview Content";
			sourceTree = "<group>";
		};
		793B588C27EDEEC0002DC308 /* DevSoutinhoTests */ = {
			isa = PBXGroup;
			children = (
				793B588D27EDEEC0002DC308 /* DevSoutinhoTests.swift */,
			);
			path = DevSoutinhoTests;
			sourceTree = "<group>";
		};
		793B589627EDEEC0002DC308 /* DevSoutinhoUITests */ = {
			isa = PBXGroup;
			children = (
				793B589727EDEEC0002DC308 /* DevSoutinhoUITests.swift */,
				793B589927EDEEC0002DC308 /* DevSoutinhoUITestsLaunchTests.swift */,
			);
			path = DevSoutinhoUITests;
			sourceTree = "<group>";
		};
/* End PBXGroup section */

/* Begin PBXNativeTarget section */
		793B585F27EDEEBC002DC308 /* DevSoutinho */ = {
			isa = PBXNativeTarget;
			buildConfigurationList = 793B58A527EDEEC0002DC308 /* Build configuration list for PBXNativeTarget "DevSoutinho" */;
			buildPhases = (
				793B585E27EDEEBC002DC308 /* Resources */,
				793B58A427EDEEC0002DC308 /* Embed Watch Content */,
			);
			buildRules = (
			);
			dependencies = (
				793B586727EDEEBD002DC308 /* PBXTargetDependency */,
			);
			name = DevSoutinho;
			productName = DevSoutinho;
			productReference = 793B586027EDEEBC002DC308 /* DevSoutinho.app */;
			productType = "com.apple.product-type.application.watchapp2-container";
		};
		793B586327EDEEBD002DC308 /* DevSoutinho WatchKit App */ = {
			isa = PBXNativeTarget;
			buildConfigurationList = 793B58A127EDEEC0002DC308 /* Build configuration list for PBXNativeTarget "DevSoutinho WatchKit App" */;
			buildPhases = (
				793B586227EDEEBD002DC308 /* Resources */,
				793B58A027EDEEC0002DC308 /* Embed App Extensions */,
			);
			buildRules = (
			);
			dependencies = (
				793B587227EDEEBF002DC308 /* PBXTargetDependency */,
			);
			name = "DevSoutinho WatchKit App";
			productName = "DevSoutinho WatchKit App";
			productReference = 793B586427EDEEBD002DC308 /* DevSoutinho WatchKit App.app */;
			productType = "com.apple.product-type.application.watchapp2";
		};
		793B586E27EDEEBF002DC308 /* DevSoutinho WatchKit Extension */ = {
			isa = PBXNativeTarget;
			buildConfigurationList = 793B589D27EDEEC0002DC308 /* Build configuration list for PBXNativeTarget "DevSoutinho WatchKit Extension" */;
			buildPhases = (
				793B586B27EDEEBF002DC308 /* Sources */,
				793B586C27EDEEBF002DC308 /* Frameworks */,
				793B586D27EDEEBF002DC308 /* Resources */,
			);
			buildRules = (
			);
			dependencies = (
			);
			name = "DevSoutinho WatchKit Extension";
			productName = "DevSoutinho WatchKit Extension";
			productReference = 793B586F27EDEEBF002DC308 /* DevSoutinho WatchKit Extension.appex */;
			productType = "com.apple.product-type.watchkit2-extension";
		};
		793B588827EDEEC0002DC308 /* DevSoutinhoTests */ = {
			isa = PBXNativeTarget;
			buildConfigurationList = 793B58A827EDEEC0002DC308 /* Build configuration list for PBXNativeTarget "DevSoutinhoTests" */;
			buildPhases = (
				793B588527EDEEC0002DC308 /* Sources */,
				793B588627EDEEC0002DC308 /* Frameworks */,
				793B588727EDEEC0002DC308 /* Resources */,
			);
			buildRules = (
			);
			dependencies = (
				793B588B27EDEEC0002DC308 /* PBXTargetDependency */,
			);
			name = DevSoutinhoTests;
			productName = DevSoutinhoTests;
			productReference = 793B588927EDEEC0002DC308 /* DevSoutinhoTests.xctest */;
			productType = "com.apple.product-type.bundle.unit-test";
		};
		793B589227EDEEC0002DC308 /* DevSoutinhoUITests */ = {
			isa = PBXNativeTarget;
			buildConfigurationList = 793B58AB27EDEEC0002DC308 /* Build configuration list for PBXNativeTarget "DevSoutinhoUITests" */;
			buildPhases = (
				793B588F27EDEEC0002DC308 /* Sources */,
				793B589027EDEEC0002DC308 /* Frameworks */,
				793B589127EDEEC0002DC308 /* Resources */,
			);
			buildRules = (
			);
			dependencies = (
				793B589527EDEEC0002DC308 /* PBXTargetDependency */,
			);
			name = DevSoutinhoUITests;
			productName = DevSoutinhoUITests;
			productReference = 793B589327EDEEC0002DC308 /* DevSoutinhoUITests.xctest */;
			productType = "com.apple.product-type.bundle.ui-testing";
		};
/* End PBXNativeTarget section */

/* Begin PBXProject section */
		793B585A27EDEEBC002DC308 /* Project object */ = {
			isa = PBXProject;
			attributes = {
				BuildIndependentTargetsInParallel = 1;
				LastSwiftUpdateCheck = 1330;
				LastUpgradeCheck = 1330;
				TargetAttributes = {
					793B585F27EDEEBC002DC308 = {
						CreatedOnToolsVersion = 13.3;
					};
					793B586327EDEEBD002DC308 = {
						CreatedOnToolsVersion = 13.3;
					};
					793B586E27EDEEBF002DC308 = {
						CreatedOnToolsVersion = 13.3;
					};
					793B588827EDEEC0002DC308 = {
						CreatedOnToolsVersion = 13.3;
						TestTargetID = 793B586E27EDEEBF002DC308;
					};
					793B589227EDEEC0002DC308 = {
						CreatedOnToolsVersion = 13.3;
						TestTargetID = 793B586327EDEEBD002DC308;
					};
				};
			};
			buildConfigurationList = 793B585D27EDEEBC002DC308 /* Build configuration list for PBXProject "DevSoutinho" */;
			compatibilityVersion = "Xcode 13.0";
			developmentRegion = en;
			hasScannedForEncodings = 0;
			knownRegions = (
				en,
				Base,
			);
			mainGroup = 793B585927EDEEBC002DC308;
			productRefGroup = 793B586127EDEEBC002DC308 /* Products */;
			projectDirPath = "";
			projectRoot = "";
			targets = (
				793B585F27EDEEBC002DC308 /* DevSoutinho */,
				793B586327EDEEBD002DC308 /* DevSoutinho WatchKit App */,
				793B586E27EDEEBF002DC308 /* DevSoutinho WatchKit Extension */,
				793B588827EDEEC0002DC308 /* DevSoutinhoTests */,
				793B589227EDEEC0002DC308 /* DevSoutinhoUITests */,
			);
		};
/* End PBXProject section */

/* Begin PBXResourcesBuildPhase section */
		793B585E27EDEEBC002DC308 /* Resources */ = {
			isa = PBXResourcesBuildPhase;
			buildActionMask = 2147483647;
			files = (
			);
			runOnlyForDeploymentPostprocessing = 0;
		};
		793B586227EDEEBD002DC308 /* Resources */ = {
			isa = PBXResourcesBuildPhase;
			buildActionMask = 2147483647;
			files = (
				793B586A27EDEEBF002DC308 /* Assets.xcassets in Resources */,
			);
			runOnlyForDeploymentPostprocessing = 0;
		};
		793B586D27EDEEBF002DC308 /* Resources */ = {
			isa = PBXResourcesBuildPhase;
			buildActionMask = 2147483647;
			files = (
				793B588227EDEEC0002DC308 /* Preview Assets.xcassets in Resources */,
				793B587F27EDEEC0002DC308 /* Assets.xcassets in Resources */,
			);
			runOnlyForDeploymentPostprocessing = 0;
		};
		793B588727EDEEC0002DC308 /* Resources */ = {
			isa = PBXResourcesBuildPhase;
			buildActionMask = 2147483647;
			files = (
			);
			runOnlyForDeploymentPostprocessing = 0;
		};
		793B589127EDEEC0002DC308 /* Resources */ = {
			isa = PBXResourcesBuildPhase;
			buildActionMask = 2147483647;
			files = (
			);
			runOnlyForDeploymentPostprocessing = 0;
		};
/* End PBXResourcesBuildPhase section */

/* Begin PBXSourcesBuildPhase section */
		793B586B27EDEEBF002DC308 /* Sources */ = {
			isa = PBXSourcesBuildPhase;
			buildActionMask = 2147483647;
			files = (
				793B587927EDEEBF002DC308 /* NotificationController.swift in Sources */,
				793B587727EDEEBF002DC308 /* ContentView.swift in Sources */,
				793B587D27EDEEBF002DC308 /* ComplicationController.swift in Sources */,
				793B587527EDEEBF002DC308 /* DevSoutinhoApp.swift in Sources */,
				793B587B27EDEEBF002DC308 /* NotificationView.swift in Sources */,
			);
			runOnlyForDeploymentPostprocessing = 0;
		};
		793B588527EDEEC0002DC308 /* Sources */ = {
			isa = PBXSourcesBuildPhase;
			buildActionMask = 2147483647;
			files = (
				793B588E27EDEEC0002DC308 /* DevSoutinhoTests.swift in Sources */,
			);
			runOnlyForDeploymentPostprocessing = 0;
		};
		793B588F27EDEEC0002DC308 /* Sources */ = {
			isa = PBXSourcesBuildPhase;
			buildActionMask = 2147483647;
			files = (
				793B589827EDEEC0002DC308 /* DevSoutinhoUITests.swift in Sources */,
				793B589A27EDEEC0002DC308 /* DevSoutinhoUITestsLaunchTests.swift in Sources */,
			);
			runOnlyForDeploymentPostprocessing = 0;
		};
/* End PBXSourcesBuildPhase section */

/* Begin PBXTargetDependency section */
		793B586727EDEEBD002DC308 /* PBXTargetDependency */ = {
			isa = PBXTargetDependency;
			target = 793B586327EDEEBD002DC308 /* DevSoutinho WatchKit App */;
			targetProxy = 793B586627EDEEBD002DC308 /* PBXContainerItemProxy */;
		};
		793B587227EDEEBF002DC308 /* PBXTargetDependency */ = {
			isa = PBXTargetDependency;
			target = 793B586E27EDEEBF002DC308 /* DevSoutinho WatchKit Extension */;
			targetProxy = 793B587127EDEEBF002DC308 /* PBXContainerItemProxy */;
		};
		793B588B27EDEEC0002DC308 /* PBXTargetDependency */ = {
			isa = PBXTargetDependency;
			target = 793B586E27EDEEBF002DC308 /* DevSoutinho WatchKit Extension */;
			targetProxy = 793B588A27EDEEC0002DC308 /* PBXContainerItemProxy */;
		};
		793B589527EDEEC0002DC308 /* PBXTargetDependency */ = {
			isa = PBXTargetDependency;
			target = 793B586327EDEEBD002DC308 /* DevSoutinho WatchKit App */;
			targetProxy = 793B589427EDEEC0002DC308 /* PBXContainerItemProxy */;
		};
/* End PBXTargetDependency section */

/* Begin XCBuildConfiguration section */
		793B589B27EDEEC0002DC308 /* Debug */ = {
			isa = XCBuildConfiguration;
			buildSettings = {
				ALWAYS_SEARCH_USER_PATHS = NO;
				CLANG_ANALYZER_NONNULL = YES;
				CLANG_ANALYZER_NUMBER_OBJECT_CONVERSION = YES_AGGRESSIVE;
				CLANG_CXX_LANGUAGE_STANDARD = "gnu++17";
				CLANG_ENABLE_MODULES = YES;
				CLANG_ENABLE_OBJC_ARC = YES;
				CLANG_ENABLE_OBJC_WEAK = YES;
				CLANG_WARN_BLOCK_CAPTURE_AUTORELEASING = YES;
				CLANG_WARN_BOOL_CONVERSION = YES;
				CLANG_WARN_COMMA = YES;
				CLANG_WARN_CONSTANT_CONVERSION = YES;
				CLANG_WARN_DEPRECATED_OBJC_IMPLEMENTATIONS = YES;
				CLANG_WARN_DIRECT_OBJC_ISA_USAGE = YES_ERROR;
				CLANG_WARN_DOCUMENTATION_COMMENTS = YES;
				CLANG_WARN_EMPTY_BODY = YES;
				CLANG_WARN_ENUM_CONVERSION = YES;
				CLANG_WARN_INFINITE_RECURSION = YES;
				CLANG_WARN_INT_CONVERSION = YES;
				CLANG_WARN_NON_LITERAL_NULL_CONVERSION = YES;
				CLANG_WARN_OBJC_IMPLICIT_RETAIN_SELF = YES;
				CLANG_WARN_OBJC_LITERAL_CONVERSION = YES;
				CLANG_WARN_OBJC_ROOT_CLASS = YES_ERROR;
				CLANG_WARN_QUOTED_INCLUDE_IN_FRAMEWORK_HEADER = YES;
				CLANG_WARN_RANGE_LOOP_ANALYSIS = YES;
				CLANG_WARN_STRICT_PROTOTYPES = YES;
				CLANG_WARN_SUSPICIOUS_MOVE = YES;
				CLANG_WARN_UNGUARDED_AVAILABILITY = YES_AGGRESSIVE;
				CLANG_WARN_UNREACHABLE_CODE = YES;
				CLANG_WARN__DUPLICATE_METHOD_MATCH = YES;
				COPY_PHASE_STRIP = NO;
				DEBUG_INFORMATION_FORMAT = dwarf;
				ENABLE_STRICT_OBJC_MSGSEND = YES;
				ENABLE_TESTABILITY = YES;
				GCC_C_LANGUAGE_STANDARD = gnu11;
				GCC_DYNAMIC_NO_PIC = NO;
				GCC_NO_COMMON_BLOCKS = YES;
				GCC_OPTIMIZATION_LEVEL = 0;
				GCC_PREPROCESSOR_DEFINITIONS = (
					"DEBUG=1",
					"$(inherited)",
				);
				GCC_WARN_64_TO_32_BIT_CONVERSION = YES;
				GCC_WARN_ABOUT_RETURN_TYPE = YES_ERROR;
				GCC_WARN_UNDECLARED_SELECTOR = YES;
				GCC_WARN_UNINITIALIZED_AUTOS = YES_AGGRESSIVE;
				GCC_WARN_UNUSED_FUNCTION = YES;
				GCC_WARN_UNUSED_VARIABLE = YES;
				MTL_ENABLE_DEBUG_INFO = INCLUDE_SOURCE;
				MTL_FAST_MATH = YES;
				ONLY_ACTIVE_ARCH = YES;
				SDKROOT = iphoneos;
				SWIFT_ACTIVE_COMPILATION_CONDITIONS = DEBUG;
				SWIFT_OPTIMIZATION_LEVEL = "-Onone";
			};
			name = Debug;
		};
		793B589C27EDEEC0002DC308 /* Release */ = {
			isa = XCBuildConfiguration;
			buildSettings = {
				ALWAYS_SEARCH_USER_PATHS = NO;
				CLANG_ANALYZER_NONNULL = YES;
				CLANG_ANALYZER_NUMBER_OBJECT_CONVERSION = YES_AGGRESSIVE;
				CLANG_CXX_LANGUAGE_STANDARD = "gnu++17";
				CLANG_ENABLE_MODULES = YES;
				CLANG_ENABLE_OBJC_ARC = YES;
				CLANG_ENABLE_OBJC_WEAK = YES;
				CLANG_WARN_BLOCK_CAPTURE_AUTORELEASING = YES;
				CLANG_WARN_BOOL_CONVERSION = YES;
				CLANG_WARN_COMMA = YES;
				CLANG_WARN_CONSTANT_CONVERSION = YES;
				CLANG_WARN_DEPRECATED_OBJC_IMPLEMENTATIONS = YES;
				CLANG_WARN_DIRECT_OBJC_ISA_USAGE = YES_ERROR;
				CLANG_WARN_DOCUMENTATION_COMMENTS = YES;
				CLANG_WARN_EMPTY_BODY = YES;
				CLANG_WARN_ENUM_CONVERSION = YES;
				CLANG_WARN_INFINITE_RECURSION = YES;
				CLANG_WARN_INT_CONVERSION = YES;
				CLANG_WARN_NON_LITERAL_NULL_CONVERSION = YES;
				CLANG_WARN_OBJC_IMPLICIT_RETAIN_SELF = YES;
				CLANG_WARN_OBJC_LITERAL_CONVERSION = YES;
				CLANG_WARN_OBJC_ROOT_CLASS = YES_ERROR;
				CLANG_WARN_QUOTED_INCLUDE_IN_FRAMEWORK_HEADER = YES;
				CLANG_WARN_RANGE_LOOP_ANALYSIS = YES;
				CLANG_WARN_STRICT_PROTOTYPES = YES;
				CLANG_WARN_SUSPICIOUS_MOVE = YES;
				CLANG_WARN_UNGUARDED_AVAILABILITY = YES_AGGRESSIVE;
				CLANG_WARN_UNREACHABLE_CODE = YES;
				CLANG_WARN__DUPLICATE_METHOD_MATCH = YES;
				COPY_PHASE_STRIP = NO;
				DEBUG_INFORMATION_FORMAT = "dwarf-with-dsym";
				ENABLE_NS_ASSERTIONS = NO;
				ENABLE_STRICT_OBJC_MSGSEND = YES;
				GCC_C_LANGUAGE_STANDARD = gnu11;
				GCC_NO_COMMON_BLOCKS = YES;
				GCC_WARN_64_TO_32_BIT_CONVERSION = YES;
				GCC_WARN_ABOUT_RETURN_TYPE = YES_ERROR;
				GCC_WARN_UNDECLARED_SELECTOR = YES;
				GCC_WARN_UNINITIALIZED_AUTOS = YES_AGGRESSIVE;
				GCC_WARN_UNUSED_FUNCTION = YES;
				GCC_WARN_UNUSED_VARIABLE = YES;
				MTL_ENABLE_DEBUG_INFO = NO;
				MTL_FAST_MATH = YES;
				SDKROOT = iphoneos;
				SWIFT_COMPILATION_MODE = wholemodule;
				SWIFT_OPTIMIZATION_LEVEL = "-O";
				VALIDATE_PRODUCT = YES;
			};
			name = Release;
		};
		793B589E27EDEEC0002DC308 /* Debug */ = {
			isa = XCBuildConfiguration;
			buildSettings = {
				ASSETCATALOG_COMPILER_COMPLICATION_NAME = Complication;
				CODE_SIGN_STYLE = Automatic;
				CURRENT_PROJECT_VERSION = 1;
				DEVELOPMENT_ASSET_PATHS = "\"DevSoutinho WatchKit Extension/Preview Content\"";
				DEVELOPMENT_TEAM = Z33X95KP5G;
				ENABLE_PREVIEWS = YES;
				GENERATE_INFOPLIST_FILE = YES;
				INFOPLIST_FILE = "DevSoutinho WatchKit Extension/Info.plist";
				INFOPLIST_KEY_CFBundleDisplayName = "DevSoutinho WatchKit Extension";
				INFOPLIST_KEY_CLKComplicationPrincipalClass = "$(PRODUCT_MODULE_NAME).ComplicationController";
				INFOPLIST_KEY_NSHumanReadableCopyright = "";
				INFOPLIST_KEY_WKWatchOnly = YES;
				LD_RUNPATH_SEARCH_PATHS = (
					"$(inherited)",
					"@executable_path/Frameworks",
					"@executable_path/../../Frameworks",
				);
				MARKETING_VERSION = 1.0;
				PRODUCT_BUNDLE_IDENTIFIER = "com.mariosouto.devsoutinho-watch.DevSoutinho.watchkitapp.watchkitextension";
				PRODUCT_NAME = "${TARGET_NAME}";
				SDKROOT = watchos;
				SKIP_INSTALL = YES;
				SWIFT_EMIT_LOC_STRINGS = YES;
				SWIFT_VERSION = 5.0;
				TARGETED_DEVICE_FAMILY = 4;
				WATCHOS_DEPLOYMENT_TARGET = 8.5;
			};
			name = Debug;
		};
		793B589F27EDEEC0002DC308 /* Release */ = {
			isa = XCBuildConfiguration;
			buildSettings = {
				ASSETCATALOG_COMPILER_COMPLICATION_NAME = Complication;
				CODE_SIGN_STYLE = Automatic;
				CURRENT_PROJECT_VERSION = 1;
				DEVELOPMENT_ASSET_PATHS = "\"DevSoutinho WatchKit Extension/Preview Content\"";
				DEVELOPMENT_TEAM = Z33X95KP5G;
				ENABLE_PREVIEWS = YES;
				GENERATE_INFOPLIST_FILE = YES;
				INFOPLIST_FILE = "DevSoutinho WatchKit Extension/Info.plist";
				INFOPLIST_KEY_CFBundleDisplayName = "DevSoutinho WatchKit Extension";
				INFOPLIST_KEY_CLKComplicationPrincipalClass = "$(PRODUCT_MODULE_NAME).ComplicationController";
				INFOPLIST_KEY_NSHumanReadableCopyright = "";
				INFOPLIST_KEY_WKWatchOnly = YES;
				LD_RUNPATH_SEARCH_PATHS = (
					"$(inherited)",
					"@executable_path/Frameworks",
					"@executable_path/../../Frameworks",
				);
				MARKETING_VERSION = 1.0;
				PRODUCT_BUNDLE_IDENTIFIER = "com.mariosouto.devsoutinho-watch.DevSoutinho.watchkitapp.watchkitextension";
				PRODUCT_NAME = "${TARGET_NAME}";
				SDKROOT = watchos;
				SKIP_INSTALL = YES;
				SWIFT_EMIT_LOC_STRINGS = YES;
				SWIFT_VERSION = 5.0;
				TARGETED_DEVICE_FAMILY = 4;
				WATCHOS_DEPLOYMENT_TARGET = 8.5;
			};
			name = Release;
		};
		793B58A227EDEEC0002DC308 /* Debug */ = {
			isa = XCBuildConfiguration;
			buildSettings = {
				ALWAYS_EMBED_SWIFT_STANDARD_LIBRARIES = YES;
				ASSETCATALOG_COMPILER_APPICON_NAME = AppIcon;
				ASSETCATALOG_COMPILER_GLOBAL_ACCENT_COLOR_NAME = AccentColor;
				CODE_SIGN_STYLE = Automatic;
				CURRENT_PROJECT_VERSION = 1;
				DEVELOPMENT_TEAM = Z33X95KP5G;
				GENERATE_INFOPLIST_FILE = YES;
				IBSC_MODULE = DevSoutinho_WatchKit_Extension;
				INFOPLIST_KEY_CFBundleDisplayName = "DevSoutinho WatchKit App";
				INFOPLIST_KEY_UISupportedInterfaceOrientations = "UIInterfaceOrientationPortrait UIInterfaceOrientationPortraitUpsideDown";
				MARKETING_VERSION = 1.0;
				PRODUCT_BUNDLE_IDENTIFIER = "com.mariosouto.devsoutinho-watch.DevSoutinho.watchkitapp";
				PRODUCT_NAME = "$(TARGET_NAME)";
				SDKROOT = watchos;
				SKIP_INSTALL = YES;
				SWIFT_EMIT_LOC_STRINGS = YES;
				SWIFT_VERSION = 5.0;
				TARGETED_DEVICE_FAMILY = 4;
				WATCHOS_DEPLOYMENT_TARGET = 8.5;
			};
			name = Debug;
		};
		793B58A327EDEEC0002DC308 /* Release */ = {
			isa = XCBuildConfiguration;
			buildSettings = {
				ALWAYS_EMBED_SWIFT_STANDARD_LIBRARIES = YES;
				ASSETCATALOG_COMPILER_APPICON_NAME = AppIcon;
				ASSETCATALOG_COMPILER_GLOBAL_ACCENT_COLOR_NAME = AccentColor;
				CODE_SIGN_STYLE = Automatic;
				CURRENT_PROJECT_VERSION = 1;
				DEVELOPMENT_TEAM = Z33X95KP5G;
				GENERATE_INFOPLIST_FILE = YES;
				IBSC_MODULE = DevSoutinho_WatchKit_Extension;
				INFOPLIST_KEY_CFBundleDisplayName = "DevSoutinho WatchKit App";
				INFOPLIST_KEY_UISupportedInterfaceOrientations = "UIInterfaceOrientationPortrait UIInterfaceOrientationPortraitUpsideDown";
				MARKETING_VERSION = 1.0;
				PRODUCT_BUNDLE_IDENTIFIER = "com.mariosouto.devsoutinho-watch.DevSoutinho.watchkitapp";
				PRODUCT_NAME = "$(TARGET_NAME)";
				SDKROOT = watchos;
				SKIP_INSTALL = YES;
				SWIFT_EMIT_LOC_STRINGS = YES;
				SWIFT_VERSION = 5.0;
				TARGETED_DEVICE_FAMILY = 4;
				WATCHOS_DEPLOYMENT_TARGET = 8.5;
			};
			name = Release;
		};
		793B58A627EDEEC0002DC308 /* Debug */ = {
			isa = XCBuildConfiguration;
			buildSettings = {
				CODE_SIGN_STYLE = Automatic;
				CURRENT_PROJECT_VERSION = 1;
				DEVELOPMENT_TEAM = Z33X95KP5G;
				MARKETING_VERSION = 1.0;
				PRODUCT_BUNDLE_IDENTIFIER = "com.mariosouto.devsoutinho-watch.DevSoutinho";
				PRODUCT_NAME = "$(TARGET_NAME)";
				SWIFT_VERSION = 5.0;
			};
			name = Debug;
		};
		793B58A727EDEEC0002DC308 /* Release */ = {
			isa = XCBuildConfiguration;
			buildSettings = {
				CODE_SIGN_STYLE = Automatic;
				CURRENT_PROJECT_VERSION = 1;
				DEVELOPMENT_TEAM = Z33X95KP5G;
				MARKETING_VERSION = 1.0;
				PRODUCT_BUNDLE_IDENTIFIER = "com.mariosouto.devsoutinho-watch.DevSoutinho";
				PRODUCT_NAME = "$(TARGET_NAME)";
				SWIFT_VERSION = 5.0;
			};
			name = Release;
		};
		793B58A927EDEEC0002DC308 /* Debug */ = {
			isa = XCBuildConfiguration;
			buildSettings = {
				ALWAYS_EMBED_SWIFT_STANDARD_LIBRARIES = YES;
				BUNDLE_LOADER = "$(TEST_HOST)";
				CODE_SIGN_STYLE = Automatic;
				CURRENT_PROJECT_VERSION = 1;
				DEVELOPMENT_TEAM = Z33X95KP5G;
				GENERATE_INFOPLIST_FILE = YES;
				MARKETING_VERSION = 1.0;
				PRODUCT_BUNDLE_IDENTIFIER = "com.mariosouto.devsoutinho-watch.DevSoutinhoTests";
				PRODUCT_NAME = "$(TARGET_NAME)";
				SDKROOT = watchos;
				SWIFT_EMIT_LOC_STRINGS = NO;
				SWIFT_VERSION = 5.0;
				TARGETED_DEVICE_FAMILY = 4;
				TEST_HOST = "$(BUILT_PRODUCTS_DIR)/DevSoutinho WatchKit Extension.appex/DevSoutinho WatchKit Extension";
				WATCHOS_DEPLOYMENT_TARGET = 8.5;
			};
			name = Debug;
		};
		793B58AA27EDEEC0002DC308 /* Release */ = {
			isa = XCBuildConfiguration;
			buildSettings = {
				ALWAYS_EMBED_SWIFT_STANDARD_LIBRARIES = YES;
				BUNDLE_LOADER = "$(TEST_HOST)";
				CODE_SIGN_STYLE = Automatic;
				CURRENT_PROJECT_VERSION = 1;
				DEVELOPMENT_TEAM = Z33X95KP5G;
				GENERATE_INFOPLIST_FILE = YES;
				MARKETING_VERSION = 1.0;
				PRODUCT_BUNDLE_IDENTIFIER = "com.mariosouto.devsoutinho-watch.DevSoutinhoTests";
				PRODUCT_NAME = "$(TARGET_NAME)";
				SDKROOT = watchos;
				SWIFT_EMIT_LOC_STRINGS = NO;
				SWIFT_VERSION = 5.0;
				TARGETED_DEVICE_FAMILY = 4;
				TEST_HOST = "$(BUILT_PRODUCTS_DIR)/DevSoutinho WatchKit Extension.appex/DevSoutinho WatchKit Extension";
				WATCHOS_DEPLOYMENT_TARGET = 8.5;
			};
			name = Release;
		};
		793B58AC27EDEEC0002DC308 /* Debug */ = {
			isa = XCBuildConfiguration;
			buildSettings = {
				CODE_SIGN_STYLE = Automatic;
				CURRENT_PROJECT_VERSION = 1;
				DEVELOPMENT_TEAM = Z33X95KP5G;
				GENERATE_INFOPLIST_FILE = YES;
				MARKETING_VERSION = 1.0;
				PRODUCT_BUNDLE_IDENTIFIER = "com.mariosouto.devsoutinho-watch.DevSoutinhoUITests";
				PRODUCT_NAME = "$(TARGET_NAME)";
				SDKROOT = watchos;
				SWIFT_EMIT_LOC_STRINGS = NO;
				SWIFT_VERSION = 5.0;
				TARGETED_DEVICE_FAMILY = 4;
				TEST_TARGET_NAME = "DevSoutinho WatchKit App";
				WATCHOS_DEPLOYMENT_TARGET = 8.5;
			};
			name = Debug;
		};
		793B58AD27EDEEC0002DC308 /* Release */ = {
			isa = XCBuildConfiguration;
			buildSettings = {
				CODE_SIGN_STYLE = Automatic;
				CURRENT_PROJECT_VERSION = 1;
				DEVELOPMENT_TEAM = Z33X95KP5G;
				GENERATE_INFOPLIST_FILE = YES;
				MARKETING_VERSION = 1.0;
				PRODUCT_BUNDLE_IDENTIFIER = "com.mariosouto.devsoutinho-watch.DevSoutinhoUITests";
				PRODUCT_NAME = "$(TARGET_NAME)";
				SDKROOT = watchos;
				SWIFT_EMIT_LOC_STRINGS = NO;
				SWIFT_VERSION = 5.0;
				TARGETED_DEVICE_FAMILY = 4;
				TEST_TARGET_NAME = "DevSoutinho WatchKit App";
				WATCHOS_DEPLOYMENT_TARGET = 8.5;
			};
			name = Release;
		};
/* End XCBuildConfiguration section */

/* Begin XCConfigurationList section */
		793B585D27EDEEBC002DC308 /* Build configuration list for PBXProject "DevSoutinho" */ = {
			isa = XCConfigurationList;
			buildConfigurations = (
				793B589B27EDEEC0002DC308 /* Debug */,
				793B589C27EDEEC0002DC308 /* Release */,
			);
			defaultConfigurationIsVisible = 0;
			defaultConfigurationName = Release;
		};
		793B589D27EDEEC0002DC308 /* Build configuration list for PBXNativeTarget "DevSoutinho WatchKit Extension" */ = {
			isa = XCConfigurationList;
			buildConfigurations = (
				793B589E27EDEEC0002DC308 /* Debug */,
				793B589F27EDEEC0002DC308 /* Release */,
			);
			defaultConfigurationIsVisible = 0;
			defaultConfigurationName = Release;
		};
		793B58A127EDEEC0002DC308 /* Build configuration list for PBXNativeTarget "DevSoutinho WatchKit App" */ = {
			isa = XCConfigurationList;
			buildConfigurations = (
				793B58A227EDEEC0002DC308 /* Debug */,
				793B58A327EDEEC0002DC308 /* Release */,
			);
			defaultConfigurationIsVisible = 0;
			defaultConfigurationName = Release;
		};
		793B58A527EDEEC0002DC308 /* Build configuration list for PBXNativeTarget "DevSoutinho" */ = {
			isa = XCConfigurationList;
			buildConfigurations = (
				793B58A627EDEEC0002DC308 /* Debug */,
				793B58A727EDEEC0002DC308 /* Release */,
			);
			defaultConfigurationIsVisible = 0;
			defaultConfigurationName = Release;
		};
		793B58A827EDEEC0002DC308 /* Build configuration list for PBXNativeTarget "DevSoutinhoTests" */ = {
			isa = XCConfigurationList;
			buildConfigurations = (
				793B58A927EDEEC0002DC308 /* Debug */,
				793B58AA27EDEEC0002DC308 /* Release */,
			);
			defaultConfigurationIsVisible = 0;
			defaultConfigurationName = Release;
		};
		793B58AB27EDEEC0002DC308 /* Build configuration list for PBXNativeTarget "DevSoutinhoUITests" */ = {
			isa = XCConfigurationList;
			buildConfigurations = (
				793B58AC27EDEEC0002DC308 /* Debug */,
				793B58AD27EDEEC0002DC308 /* Release */,
			);
			defaultConfigurationIsVisible = 0;
			defaultConfigurationName = Release;
		};
/* End XCConfigurationList section */
	};
	rootObject = 793B585A27EDEEBC002DC308 /* Project object */;
}
